
Microsoft Visual Studio Solution File, Format Version 12.00
# Visual Studio Version 17
VisualStudioVersion = 17.12.35527.113 d17.12
MinimumVisualStudioVersion = 10.0.40219.1
Project("{FAE04EC0-301F-11D3-BF4B-00C04F79EFBC}") = "PedidosApp.API", "PedidosApp.API\PedidosApp.API.csproj", "{A7C2A1BD-F2AD-4778-915E-BD7482D54F48}"
EndProject
Project("{FAE04EC0-301F-11D3-BF4B-00C04F79EFBC}") = "PedidosApp.API.Tests", "PedidosApp.API.Tests\PedidosApp.API.Tests.csproj", "{0FC10CEC-5167-4C23-A4C6-F710958E1F4F}"
EndProject
Project("{2150E333-8FDC-42A3-9474-1A3956D46DE8}") = "1 - PRESENTATION", "1 - PRESENTATION", "{A2FDCC41-773B-44C0-9E1D-FA7C39DDE4DB}"
EndProject
Project("{2150E333-8FDC-42A3-9474-1A3956D46DE8}") = "2 - APPLICATION", "2 - APPLICATION", "{9C93F641-DA93-44D2-8652-4DEE9BA86C61}"
EndProject
Project("{2150E333-8FDC-42A3-9474-1A3956D46DE8}") = "3 - DOMAIN", "3 - DOMAIN", "{E70D4E74-CB1D-4D9F-9630-AF4F79974544}"
EndProject
Project("{2150E333-8FDC-42A3-9474-1A3956D46DE8}") = "4 - INFRASTRUCTURE", "4 - INFRASTRUCTURE", "{2D6A726A-413C-4D16-B612-B1B71FBD5B45}"
EndProject
Project("{FAE04EC0-301F-11D3-BF4B-00C04F79EFBC}") = "PedidosApp.Application", "PedidosApp.Application\PedidosApp.Application.csproj", "{01088E1E-D40A-4578-9161-131EB699DF5B}"
EndProject
Project("{FAE04EC0-301F-11D3-BF4B-00C04F79EFBC}") = "PedidosApp.Application.Tests", "PedidosApp.Application.Tests\PedidosApp.Application.Tests.csproj", "{CCCD1822-BC15-4EBA-AAE9-F24256E07369}"
EndProject
Project("{FAE04EC0-301F-11D3-BF4B-00C04F79EFBC}") = "PedidosApp.Domain", "PedidosApp.Domain\PedidosApp.Domain.csproj", "{D88D3534-6134-494F-A2E7-191C14D0527A}"
EndProject
Project("{FAE04EC0-301F-11D3-BF4B-00C04F79EFBC}") = "PedidosApp.Domain.Tests", "PedidosApp.Domain.Tests\PedidosApp.Domain.Tests.csproj", "{CECDD91E-56F1-4ADD-9E4A-C0EFCF3D02AF}"
EndProject
Project("{FAE04EC0-301F-11D3-BF4B-00C04F79EFBC}") = "PedidosApp.Infra.Data", "PedidosApp.Infra.Data\PedidosApp.Infra.Data.csproj", "{00E7AD5E-2779-4F29-94A9-CADCA2FFD9A4}"
EndProject
Project("{FAE04EC0-301F-11D3-BF4B-00C04F79EFBC}") = "PedidosApp.Infra.Data.Tests", "PedidosApp.Infra.Data.Tests\PedidosApp.Infra.Data.Tests.csproj", "{A8927696-931B-4BE7-B4BC-C38A9878AD1E}"
EndProject
Project("{2150E333-8FDC-42A3-9474-1A3956D46DE8}") = "Itens de Solução", "Itens de Solução", "{886C6AD2-625A-4D48-9ECA-F04F67EA0C51}"
	ProjectSection(SolutionItems) = preProject
		docker-compose.yml = docker-compose.yml
	EndProjectSection
EndProject
Global
	GlobalSection(SolutionConfigurationPlatforms) = preSolution
		Debug|Any CPU = Debug|Any CPU
		Release|Any CPU = Release|Any CPU
	EndGlobalSection
	GlobalSection(ProjectConfigurationPlatforms) = postSolution
		{A7C2A1BD-F2AD-4778-915E-BD7482D54F48}.Debug|Any CPU.ActiveCfg = Debug|Any CPU
		{A7C2A1BD-F2AD-4778-915E-BD7482D54F48}.Debug|Any CPU.Build.0 = Debug|Any CPU
		{A7C2A1BD-F2AD-4778-915E-BD7482D54F48}.Release|Any CPU.ActiveCfg = Release|Any CPU
		{A7C2A1BD-F2AD-4778-915E-BD7482D54F48}.Release|Any CPU.Build.0 = Release|Any CPU
		{0FC10CEC-5167-4C23-A4C6-F710958E1F4F}.Debug|Any CPU.ActiveCfg = Debug|Any CPU
		{0FC10CEC-5167-4C23-A4C6-F710958E1F4F}.Debug|Any CPU.Build.0 = Debug|Any CPU
		{0FC10CEC-5167-4C23-A4C6-F710958E1F4F}.Release|Any CPU.ActiveCfg = Release|Any CPU
		{0FC10CEC-5167-4C23-A4C6-F710958E1F4F}.Release|Any CPU.Build.0 = Release|Any CPU
		{01088E1E-D40A-4578-9161-131EB699DF5B}.Debug|Any CPU.ActiveCfg = Debug|Any CPU
		{01088E1E-D40A-4578-9161-131EB699DF5B}.Debug|Any CPU.Build.0 = Debug|Any CPU
		{01088E1E-D40A-4578-9161-131EB699DF5B}.Release|Any CPU.ActiveCfg = Release|Any CPU
		{01088E1E-D40A-4578-9161-131EB699DF5B}.Release|Any CPU.Build.0 = Release|Any CPU
		{CCCD1822-BC15-4EBA-AAE9-F24256E07369}.Debug|Any CPU.ActiveCfg = Debug|Any CPU
		{CCCD1822-BC15-4EBA-AAE9-F24256E07369}.Debug|Any CPU.Build.0 = Debug|Any CPU
		{CCCD1822-BC15-4EBA-AAE9-F24256E07369}.Release|Any CPU.ActiveCfg = Release|Any CPU
		{CCCD1822-BC15-4EBA-AAE9-F24256E07369}.Release|Any CPU.Build.0 = Release|Any CPU
		{D88D3534-6134-494F-A2E7-191C14D0527A}.Debug|Any CPU.ActiveCfg = Debug|Any CPU
		{D88D3534-6134-494F-A2E7-191C14D0527A}.Debug|Any CPU.Build.0 = Debug|Any CPU
		{D88D3534-6134-494F-A2E7-191C14D0527A}.Release|Any CPU.ActiveCfg = Release|Any CPU
		{D88D3534-6134-494F-A2E7-191C14D0527A}.Release|Any CPU.Build.0 = Release|Any CPU
		{CECDD91E-56F1-4ADD-9E4A-C0EFCF3D02AF}.Debug|Any CPU.ActiveCfg = Debug|Any CPU
		{CECDD91E-56F1-4ADD-9E4A-C0EFCF3D02AF}.Debug|Any CPU.Build.0 = Debug|Any CPU
		{CECDD91E-56F1-4ADD-9E4A-C0EFCF3D02AF}.Release|Any CPU.ActiveCfg = Release|Any CPU
		{CECDD91E-56F1-4ADD-9E4A-C0EFCF3D02AF}.Release|Any CPU.Build.0 = Release|Any CPU
		{00E7AD5E-2779-4F29-94A9-CADCA2FFD9A4}.Debug|Any CPU.ActiveCfg = Debug|Any CPU
		{00E7AD5E-2779-4F29-94A9-CADCA2FFD9A4}.Debug|Any CPU.Build.0 = Debug|Any CPU
		{00E7AD5E-2779-4F29-94A9-CADCA2FFD9A4}.Release|Any CPU.ActiveCfg = Release|Any CPU
		{00E7AD5E-2779-4F29-94A9-CADCA2FFD9A4}.Release|Any CPU.Build.0 = Release|Any CPU
		{A8927696-931B-4BE7-B4BC-C38A9878AD1E}.Debug|Any CPU.ActiveCfg = Debug|Any CPU
		{A8927696-931B-4BE7-B4BC-C38A9878AD1E}.Debug|Any CPU.Build.0 = Debug|Any CPU
		{A8927696-931B-4BE7-B4BC-C38A9878AD1E}.Release|Any CPU.ActiveCfg = Release|Any CPU
		{A8927696-931B-4BE7-B4BC-C38A9878AD1E}.Release|Any CPU.Build.0 = Release|Any CPU
	EndGlobalSection
	GlobalSection(SolutionProperties) = preSolution
		HideSolutionNode = FALSE
	EndGlobalSection
	GlobalSection(NestedProjects) = preSolution
		{A7C2A1BD-F2AD-4778-915E-BD7482D54F48} = {A2FDCC41-773B-44C0-9E1D-FA7C39DDE4DB}
		{0FC10CEC-5167-4C23-A4C6-F710958E1F4F} = {A2FDCC41-773B-44C0-9E1D-FA7C39DDE4DB}
		{01088E1E-D40A-4578-9161-131EB699DF5B} = {9C93F641-DA93-44D2-8652-4DEE9BA86C61}
		{CCCD1822-BC15-4EBA-AAE9-F24256E07369} = {9C93F641-DA93-44D2-8652-4DEE9BA86C61}
		{D88D3534-6134-494F-A2E7-191C14D0527A} = {E70D4E74-CB1D-4D9F-9630-AF4F79974544}
		{CECDD91E-56F1-4ADD-9E4A-C0EFCF3D02AF} = {E70D4E74-CB1D-4D9F-9630-AF4F79974544}
		{00E7AD5E-2779-4F29-94A9-CADCA2FFD9A4} = {2D6A726A-413C-4D16-B612-B1B71FBD5B45}
		{A8927696-931B-4BE7-B4BC-C38A9878AD1E} = {2D6A726A-413C-4D16-B612-B1B71FBD5B45}
	EndGlobalSection
EndGlobal
